
Microsoft Visual Studio Solution File, Format Version 12.00
# Visual Studio Version 17
VisualStudioVersion = 17.13.35507.96 d17.13
MinimumVisualStudioVersion = 10.0.40219.1
Project("{FAE04EC0-301F-11D3-BF4B-00C04F79EFBC}") = "MC_computers_API", "MC_computers_API\MC_computers_API.csproj", "{601F067B-F488-4CBC-9646-12230425C7FE}"
EndProject
Global
	GlobalSection(SolutionConfigurationPlatforms) = preSolution
		Debug|Any CPU = Debug|Any CPU
		Release|Any CPU = Release|Any CPU
	EndGlobalSection
	GlobalSection(ProjectConfigurationPlatforms) = postSolution
		{601F067B-F488-4CBC-9646-12230425C7FE}.Debug|Any CPU.ActiveCfg = Debug|Any CPU
		{601F067B-F488-4CBC-9646-12230425C7FE}.Debug|Any CPU.Build.0 = Debug|Any CPU
		{601F067B-F488-4CBC-9646-12230425C7FE}.Release|Any CPU.ActiveCfg = Release|Any CPU
		{601F067B-F488-4CBC-9646-12230425C7FE}.Release|Any CPU.Build.0 = Release|Any CPU
	EndGlobalSection
	GlobalSection(SolutionProperties) = preSolution
		HideSolutionNode = FALSE
	EndGlobalSection
	GlobalSection(ExtensibilityGlobals) = postSolution
		SolutionGuid = {5626E757-5505-4CF7-BF43-6E926AC3BA8B}
	EndGlobalSection
EndGlobal
